// !$*UTF8*$!
{
	archiveVersion = 1;
	classes = {
	};
	objectVersion = 56;
	objects = {

/* Begin PBXBuildFile section */
		89178454290490AA00A78D23 /* Calc__FinalApp.swift in Sources */ = {isa = PBXBuildFile; fileRef = 89178453290490AA00A78D23 /* Calc__FinalApp.swift */; };
		89178456290490AA00A78D23 /* ContentView.swift in Sources */ = {isa = PBXBuildFile; fileRef = 89178455290490AA00A78D23 /* ContentView.swift */; };
		89178458290490AB00A78D23 /* Assets.xcassets in Resources */ = {isa = PBXBuildFile; fileRef = 89178457290490AB00A78D23 /* Assets.xcassets */; };
		8917845B290490AB00A78D23 /* Preview Assets.xcassets in Resources */ = {isa = PBXBuildFile; fileRef = 8917845A290490AB00A78D23 /* Preview Assets.xcassets */; };
		89178465290490AB00A78D23 /* Calc__FinalTests.swift in Sources */ = {isa = PBXBuildFile; fileRef = 89178464290490AB00A78D23 /* Calc__FinalTests.swift */; };
		8917846F290490AB00A78D23 /* Calc__FinalUITests.swift in Sources */ = {isa = PBXBuildFile; fileRef = 8917846E290490AB00A78D23 /* Calc__FinalUITests.swift */; };
		89178471290490AB00A78D23 /* Calc__FinalUITestsLaunchTests.swift in Sources */ = {isa = PBXBuildFile; fileRef = 89178470290490AB00A78D23 /* Calc__FinalUITestsLaunchTests.swift */; };
/* End PBXBuildFile section */

/* Begin PBXContainerItemProxy section */
		89178461290490AB00A78D23 /* PBXContainerItemProxy */ = {
			isa = PBXContainerItemProxy;
			containerPortal = 89178448290490AA00A78D23 /* Project object */;
			proxyType = 1;
			remoteGlobalIDString = 8917844F290490AA00A78D23;
			remoteInfo = "Calc+ Final";
		};
		8917846B290490AB00A78D23 /* PBXContainerItemProxy */ = {
			isa = PBXContainerItemProxy;
			containerPortal = 89178448290490AA00A78D23 /* Project object */;
			proxyType = 1;
			remoteGlobalIDString = 8917844F290490AA00A78D23;
			remoteInfo = "Calc+ Final";
		};
/* End PBXContainerItemProxy section */

/* Begin PBXFileReference section */
		89178450290490AA00A78D23 /* Calc+ Final.app */ = {isa = PBXFileReference; explicitFileType = wrapper.application; includeInIndex = 0; path = "Calc+ Final.app"; sourceTree = BUILT_PRODUCTS_DIR; };
		89178453290490AA00A78D23 /* Calc__FinalApp.swift */ = {isa = PBXFileReference; lastKnownFileType = sourcecode.swift; path = Calc__FinalApp.swift; sourceTree = "<group>"; };
		89178455290490AA00A78D23 /* ContentView.swift */ = {isa = PBXFileReference; lastKnownFileType = sourcecode.swift; path = ContentView.swift; sourceTree = "<group>"; };
		89178457290490AB00A78D23 /* Assets.xcassets */ = {isa = PBXFileReference; lastKnownFileType = folder.assetcatalog; path = Assets.xcassets; sourceTree = "<group>"; };
		8917845A290490AB00A78D23 /* Preview Assets.xcassets */ = {isa = PBXFileReference; lastKnownFileType = folder.assetcatalog; path = "Preview Assets.xcassets"; sourceTree = "<group>"; };
		89178460290490AB00A78D23 /* Calc+ FinalTests.xctest */ = {isa = PBXFileReference; explicitFileType = wrapper.cfbundle; includeInIndex = 0; path = "Calc+ FinalTests.xctest"; sourceTree = BUILT_PRODUCTS_DIR; };
		89178464290490AB00A78D23 /* Calc__FinalTests.swift */ = {isa = PBXFileReference; lastKnownFileType = sourcecode.swift; path = Calc__FinalTests.swift; sourceTree = "<group>"; };
		8917846A290490AB00A78D23 /* Calc+ FinalUITests.xctest */ = {isa = PBXFileReference; explicitFileType = wrapper.cfbundle; includeInIndex = 0; path = "Calc+ FinalUITests.xctest"; sourceTree = BUILT_PRODUCTS_DIR; };
		8917846E290490AB00A78D23 /* Calc__FinalUITests.swift */ = {isa = PBXFileReference; lastKnownFileType = sourcecode.swift; path = Calc__FinalUITests.swift; sourceTree = "<group>"; };
		89178470290490AB00A78D23 /* Calc__FinalUITestsLaunchTests.swift */ = {isa = PBXFileReference; lastKnownFileType = sourcecode.swift; path = Calc__FinalUITestsLaunchTests.swift; sourceTree = "<group>"; };
/* End PBXFileReference section */

/* Begin PBXFrameworksBuildPhase section */
		8917844D290490AA00A78D23 /* Frameworks */ = {
			isa = PBXFrameworksBuildPhase;
			buildActionMask = 2147483647;
			files = (
			);
			runOnlyForDeploymentPostprocessing = 0;
		};
		8917845D290490AB00A78D23 /* Frameworks */ = {
			isa = PBXFrameworksBuildPhase;
			buildActionMask = 2147483647;
			files = (
			);
			runOnlyForDeploymentPostprocessing = 0;
		};
		89178467290490AB00A78D23 /* Frameworks */ = {
			isa = PBXFrameworksBuildPhase;
			buildActionMask = 2147483647;
			files = (
			);
			runOnlyForDeploymentPostprocessing = 0;
		};
/* End PBXFrameworksBuildPhase section */

/* Begin PBXGroup section */
		89178447290490AA00A78D23 = {
			isa = PBXGroup;
			children = (
				89178452290490AA00A78D23 /* Calc+ Final */,
				89178463290490AB00A78D23 /* Calc+ FinalTests */,
				8917846D290490AB00A78D23 /* Calc+ FinalUITests */,
				89178451290490AA00A78D23 /* Products */,
			);
			sourceTree = "<group>";
		};
		89178451290490AA00A78D23 /* Products */ = {
			isa = PBXGroup;
			children = (
				89178450290490AA00A78D23 /* Calc+ Final.app */,
				89178460290490AB00A78D23 /* Calc+ FinalTests.xctest */,
				8917846A290490AB00A78D23 /* Calc+ FinalUITests.xctest */,
			);
			name = Products;
			sourceTree = "<group>";
		};
		89178452290490AA00A78D23 /* Calc+ Final */ = {
			isa = PBXGroup;
			children = (
				89178453290490AA00A78D23 /* Calc__FinalApp.swift */,
				89178455290490AA00A78D23 /* ContentView.swift */,
				89178457290490AB00A78D23 /* Assets.xcassets */,
				89178459290490AB00A78D23 /* Preview Content */,
			);
			path = "Calc+ Final";
			sourceTree = "<group>";
		};
		89178459290490AB00A78D23 /* Preview Content */ = {
			isa = PBXGroup;
			children = (
				8917845A290490AB00A78D23 /* Preview Assets.xcassets */,
			);
			path = "Preview Content";
			sourceTree = "<group>";
		};
		89178463290490AB00A78D23 /* Calc+ FinalTests */ = {
			isa = PBXGroup;
			children = (
				89178464290490AB00A78D23 /* Calc__FinalTests.swift */,
			);
			path = "Calc+ FinalTests";
			sourceTree = "<group>";
		};
		8917846D290490AB00A78D23 /* Calc+ FinalUITests */ = {
			isa = PBXGroup;
			children = (
				8917846E290490AB00A78D23 /* Calc__FinalUITests.swift */,
				89178470290490AB00A78D23 /* Calc__FinalUITestsLaunchTests.swift */,
			);
			path = "Calc+ FinalUITests";
			sourceTree = "<group>";
		};
/* End PBXGroup section */

/* Begin PBXNativeTarget section */
		8917844F290490AA00A78D23 /* Calc+ Final */ = {
			isa = PBXNativeTarget;
			buildConfigurationList = 89178474290490AB00A78D23 /* Build configuration list for PBXNativeTarget "Calc+ Final" */;
			buildPhases = (
				8917844C290490AA00A78D23 /* Sources */,
				8917844D290490AA00A78D23 /* Frameworks */,
				8917844E290490AA00A78D23 /* Resources */,
			);
			buildRules = (
			);
			dependencies = (
			);
			name = "Calc+ Final";
			productName = "Calc+ Final";
			productReference = 89178450290490AA00A78D23 /* Calc+ Final.app */;
			productType = "com.apple.product-type.application";
		};
		8917845F290490AB00A78D23 /* Calc+ FinalTests */ = {
			isa = PBXNativeTarget;
			buildConfigurationList = 89178477290490AB00A78D23 /* Build configuration list for PBXNativeTarget "Calc+ FinalTests" */;
			buildPhases = (
				8917845C290490AB00A78D23 /* Sources */,
				8917845D290490AB00A78D23 /* Frameworks */,
				8917845E290490AB00A78D23 /* Resources */,
			);
			buildRules = (
			);
			dependencies = (
				89178462290490AB00A78D23 /* PBXTargetDependency */,
			);
			name = "Calc+ FinalTests";
			productName = "Calc+ FinalTests";
			productReference = 89178460290490AB00A78D23 /* Calc+ FinalTests.xctest */;
			productType = "com.apple.product-type.bundle.unit-test";
		};
		89178469290490AB00A78D23 /* Calc+ FinalUITests */ = {
			isa = PBXNativeTarget;
			buildConfigurationList = 8917847A290490AB00A78D23 /* Build configuration list for PBXNativeTarget "Calc+ FinalUITests" */;
			buildPhases = (
				89178466290490AB00A78D23 /* Sources */,
				89178467290490AB00A78D23 /* Frameworks */,
				89178468290490AB00A78D23 /* Resources */,
			);
			buildRules = (
			);
			dependencies = (
				8917846C290490AB00A78D23 /* PBXTargetDependency */,
			);
			name = "Calc+ FinalUITests";
			productName = "Calc+ FinalUITests";
			productReference = 8917846A290490AB00A78D23 /* Calc+ FinalUITests.xctest */;
			productType = "com.apple.product-type.bundle.ui-testing";
		};
/* End PBXNativeTarget section */

/* Begin PBXProject section */
		89178448290490AA00A78D23 /* Project object */ = {
			isa = PBXProject;
			attributes = {
				BuildIndependentTargetsInParallel = 1;
				LastSwiftUpdateCheck = 1400;
				LastUpgradeCheck = 1400;
				TargetAttributes = {
					8917844F290490AA00A78D23 = {
						CreatedOnToolsVersion = 14.0.1;
					};
					8917845F290490AB00A78D23 = {
						CreatedOnToolsVersion = 14.0.1;
						TestTargetID = 8917844F290490AA00A78D23;
					};
					89178469290490AB00A78D23 = {
						CreatedOnToolsVersion = 14.0.1;
						TestTargetID = 8917844F290490AA00A78D23;
					};
				};
			};
			buildConfigurationList = 8917844B290490AA00A78D23 /* Build configuration list for PBXProject "Calc+ Final" */;
			compatibilityVersion = "Xcode 14.0";
			developmentRegion = en;
			hasScannedForEncodings = 0;
			knownRegions = (
				en,
				Base,
			);
			mainGroup = 89178447290490AA00A78D23;
			productRefGroup = 89178451290490AA00A78D23 /* Products */;
			projectDirPath = "";
			projectRoot = "";
			targets = (
				8917844F290490AA00A78D23 /* Calc+ Final */,
				8917845F290490AB00A78D23 /* Calc+ FinalTests */,
				89178469290490AB00A78D23 /* Calc+ FinalUITests */,
			);
		};
/* End PBXProject section */

/* Begin PBXResourcesBuildPhase section */
		8917844E290490AA00A78D23 /* Resources */ = {
			isa = PBXResourcesBuildPhase;
			buildActionMask = 2147483647;
			files = (
				8917845B290490AB00A78D23 /* Preview Assets.xcassets in Resources */,
				89178458290490AB00A78D23 /* Assets.xcassets in Resources */,
			);
			runOnlyForDeploymentPostprocessing = 0;
		};
		8917845E290490AB00A78D23 /* Resources */ = {
			isa = PBXResourcesBuildPhase;
			buildActionMask = 2147483647;
			files = (
			);
			runOnlyForDeploymentPostprocessing = 0;
		};
		89178468290490AB00A78D23 /* Resources */ = {
			isa = PBXResourcesBuildPhase;
			buildActionMask = 2147483647;
			files = (
			);
			runOnlyForDeploymentPostprocessing = 0;
		};
/* End PBXResourcesBuildPhase section */

/* Begin PBXSourcesBuildPhase section */
		8917844C290490AA00A78D23 /* Sources */ = {
			isa = PBXSourcesBuildPhase;
			buildActionMask = 2147483647;
			files = (
				89178456290490AA00A78D23 /* ContentView.swift in Sources */,
				89178454290490AA00A78D23 /* Calc__FinalApp.swift in Sources */,
			);
			runOnlyForDeploymentPostprocessing = 0;
		};
		8917845C290490AB00A78D23 /* Sources */ = {
			isa = PBXSourcesBuildPhase;
			buildActionMask = 2147483647;
			files = (
				89178465290490AB00A78D23 /* Calc__FinalTests.swift in Sources */,
			);
			runOnlyForDeploymentPostprocessing = 0;
		};
		89178466290490AB00A78D23 /* Sources */ = {
			isa = PBXSourcesBuildPhase;
			buildActionMask = 2147483647;
			files = (
				89178471290490AB00A78D23 /* Calc__FinalUITestsLaunchTests.swift in Sources */,
				8917846F290490AB00A78D23 /* Calc__FinalUITests.swift in Sources */,
			);
			runOnlyForDeploymentPostprocessing = 0;
		};
/* End PBXSourcesBuildPhase section */

/* Begin PBXTargetDependency section */
		89178462290490AB00A78D23 /* PBXTargetDependency */ = {
			isa = PBXTargetDependency;
			target = 8917844F290490AA00A78D23 /* Calc+ Final */;
			targetProxy = 89178461290490AB00A78D23 /* PBXContainerItemProxy */;
		};
		8917846C290490AB00A78D23 /* PBXTargetDependency */ = {
			isa = PBXTargetDependency;
			target = 8917844F290490AA00A78D23 /* Calc+ Final */;
			targetProxy = 8917846B290490AB00A78D23 /* PBXContainerItemProxy */;
		};
/* End PBXTargetDependency section */

/* Begin XCBuildConfiguration section */
		89178472290490AB00A78D23 /* Debug */ = {
			isa = XCBuildConfiguration;
			buildSettings = {
				ALWAYS_SEARCH_USER_PATHS = NO;
				CLANG_ANALYZER_NONNULL = YES;
				CLANG_ANALYZER_NUMBER_OBJECT_CONVERSION = YES_AGGRESSIVE;
				CLANG_CXX_LANGUAGE_STANDARD = "gnu++20";
				CLANG_ENABLE_MODULES = YES;
				CLANG_ENABLE_OBJC_ARC = YES;
				CLANG_ENABLE_OBJC_WEAK = YES;
				CLANG_WARN_BLOCK_CAPTURE_AUTORELEASING = YES;
				CLANG_WARN_BOOL_CONVERSION = YES;
				CLANG_WARN_COMMA = YES;
				CLANG_WARN_CONSTANT_CONVERSION = YES;
				CLANG_WARN_DEPRECATED_OBJC_IMPLEMENTATIONS = YES;
				CLANG_WARN_DIRECT_OBJC_ISA_USAGE = YES_ERROR;
				CLANG_WARN_DOCUMENTATION_COMMENTS = YES;
				CLANG_WARN_EMPTY_BODY = YES;
				CLANG_WARN_ENUM_CONVERSION = YES;
				CLANG_WARN_INFINITE_RECURSION = YES;
				CLANG_WARN_INT_CONVERSION = YES;
				CLANG_WARN_NON_LITERAL_NULL_CONVERSION = YES;
				CLANG_WARN_OBJC_IMPLICIT_RETAIN_SELF = YES;
				CLANG_WARN_OBJC_LITERAL_CONVERSION = YES;
				CLANG_WARN_OBJC_ROOT_CLASS = YES_ERROR;
				CLANG_WARN_QUOTED_INCLUDE_IN_FRAMEWORK_HEADER = YES;
				CLANG_WARN_RANGE_LOOP_ANALYSIS = YES;
				CLANG_WARN_STRICT_PROTOTYPES = YES;
				CLANG_WARN_SUSPICIOUS_MOVE = YES;
				CLANG_WARN_UNGUARDED_AVAILABILITY = YES_AGGRESSIVE;
				CLANG_WARN_UNREACHABLE_CODE = YES;
				CLANG_WARN__DUPLICATE_METHOD_MATCH = YES;
				COPY_PHASE_STRIP = NO;
				DEBUG_INFORMATION_FORMAT = dwarf;
				ENABLE_STRICT_OBJC_MSGSEND = YES;
				ENABLE_TESTABILITY = YES;
				GCC_C_LANGUAGE_STANDARD = gnu11;
				GCC_DYNAMIC_NO_PIC = NO;
				GCC_NO_COMMON_BLOCKS = YES;
				GCC_OPTIMIZATION_LEVEL = 0;
				GCC_PREPROCESSOR_DEFINITIONS = (
					"DEBUG=1",
					"$(inherited)",
				);
				GCC_WARN_64_TO_32_BIT_CONVERSION = YES;
				GCC_WARN_ABOUT_RETURN_TYPE = YES_ERROR;
				GCC_WARN_UNDECLARED_SELECTOR = YES;
				GCC_WARN_UNINITIALIZED_AUTOS = YES_AGGRESSIVE;
				GCC_WARN_UNUSED_FUNCTION = YES;
				GCC_WARN_UNUSED_VARIABLE = YES;
				IPHONEOS_DEPLOYMENT_TARGET = 16.0;
				MTL_ENABLE_DEBUG_INFO = INCLUDE_SOURCE;
				MTL_FAST_MATH = YES;
				ONLY_ACTIVE_ARCH = YES;
				SDKROOT = iphoneos;
				SWIFT_ACTIVE_COMPILATION_CONDITIONS = DEBUG;
				SWIFT_OPTIMIZATION_LEVEL = "-Onone";
			};
			name = Debug;
		};
		89178473290490AB00A78D23 /* Release */ = {
			isa = XCBuildConfiguration;
			buildSettings = {
				ALWAYS_SEARCH_USER_PATHS = NO;
				CLANG_ANALYZER_NONNULL = YES;
				CLANG_ANALYZER_NUMBER_OBJECT_CONVERSION = YES_AGGRESSIVE;
				CLANG_CXX_LANGUAGE_STANDARD = "gnu++20";
				CLANG_ENABLE_MODULES = YES;
				CLANG_ENABLE_OBJC_ARC = YES;
				CLANG_ENABLE_OBJC_WEAK = YES;
				CLANG_WARN_BLOCK_CAPTURE_AUTORELEASING = YES;
				CLANG_WARN_BOOL_CONVERSION = YES;
				CLANG_WARN_COMMA = YES;
				CLANG_WARN_CONSTANT_CONVERSION = YES;
				CLANG_WARN_DEPRECATED_OBJC_IMPLEMENTATIONS = YES;
				CLANG_WARN_DIRECT_OBJC_ISA_USAGE = YES_ERROR;
				CLANG_WARN_DOCUMENTATION_COMMENTS = YES;
				CLANG_WARN_EMPTY_BODY = YES;
				CLANG_WARN_ENUM_CONVERSION = YES;
				CLANG_WARN_INFINITE_RECURSION = YES;
				CLANG_WARN_INT_CONVERSION = YES;
				CLANG_WARN_NON_LITERAL_NULL_CONVERSION = YES;
				CLANG_WARN_OBJC_IMPLICIT_RETAIN_SELF = YES;
				CLANG_WARN_OBJC_LITERAL_CONVERSION = YES;
				CLANG_WARN_OBJC_ROOT_CLASS = YES_ERROR;
				CLANG_WARN_QUOTED_INCLUDE_IN_FRAMEWORK_HEADER = YES;
				CLANG_WARN_RANGE_LOOP_ANALYSIS = YES;
				CLANG_WARN_STRICT_PROTOTYPES = YES;
				CLANG_WARN_SUSPICIOUS_MOVE = YES;
				CLANG_WARN_UNGUARDED_AVAILABILITY = YES_AGGRESSIVE;
				CLANG_WARN_UNREACHABLE_CODE = YES;
				CLANG_WARN__DUPLICATE_METHOD_MATCH = YES;
				COPY_PHASE_STRIP = NO;
				DEBUG_INFORMATION_FORMAT = "dwarf-with-dsym";
				ENABLE_NS_ASSERTIONS = NO;
				ENABLE_STRICT_OBJC_MSGSEND = YES;
				GCC_C_LANGUAGE_STANDARD = gnu11;
				GCC_NO_COMMON_BLOCKS = YES;
				GCC_WARN_64_TO_32_BIT_CONVERSION = YES;
				GCC_WARN_ABOUT_RETURN_TYPE = YES_ERROR;
				GCC_WARN_UNDECLARED_SELECTOR = YES;
				GCC_WARN_UNINITIALIZED_AUTOS = YES_AGGRESSIVE;
				GCC_WARN_UNUSED_FUNCTION = YES;
				GCC_WARN_UNUSED_VARIABLE = YES;
				IPHONEOS_DEPLOYMENT_TARGET = 16.0;
				MTL_ENABLE_DEBUG_INFO = NO;
				MTL_FAST_MATH = YES;
				SDKROOT = iphoneos;
				SWIFT_COMPILATION_MODE = wholemodule;
				SWIFT_OPTIMIZATION_LEVEL = "-O";
				VALIDATE_PRODUCT = YES;
			};
			name = Release;
		};
		89178475290490AB00A78D23 /* Debug */ = {
			isa = XCBuildConfiguration;
			buildSettings = {
				ASSETCATALOG_COMPILER_APPICON_NAME = AppIcon;
				ASSETCATALOG_COMPILER_GLOBAL_ACCENT_COLOR_NAME = AccentColor;
				CODE_SIGN_STYLE = Automatic;
				CURRENT_PROJECT_VERSION = 1;
				DEVELOPMENT_ASSET_PATHS = "\"Calc+ Final/Preview Content\"";
				DEVELOPMENT_TEAM = ZZK38Q449U;
				ENABLE_PREVIEWS = YES;
				GENERATE_INFOPLIST_FILE = YES;
				INFOPLIST_KEY_UIApplicationSceneManifest_Generation = YES;
				INFOPLIST_KEY_UIApplicationSupportsIndirectInputEvents = YES;
				INFOPLIST_KEY_UILaunchScreen_Generation = YES;
				INFOPLIST_KEY_UISupportedInterfaceOrientations_iPad = "UIInterfaceOrientationPortrait UIInterfaceOrientationPortraitUpsideDown UIInterfaceOrientationLandscapeLeft UIInterfaceOrientationLandscapeRight";
				INFOPLIST_KEY_UISupportedInterfaceOrientations_iPhone = "UIInterfaceOrientationPortrait UIInterfaceOrientationLandscapeLeft UIInterfaceOrientationLandscapeRight";
				LD_RUNPATH_SEARCH_PATHS = (
					"$(inherited)",
					"@executable_path/Frameworks",
				);
				MARKETING_VERSION = 1.0;
				PRODUCT_BUNDLE_IDENTIFIER = "-AlfredoBorroto.Calc--Final";
				PRODUCT_NAME = "$(TARGET_NAME)";
				SWIFT_EMIT_LOC_STRINGS = YES;
				SWIFT_VERSION = 5.0;
				TARGETED_DEVICE_FAMILY = "1,2";
			};
			name = Debug;
		};
		89178476290490AB00A78D23 /* Release */ = {
			isa = XCBuildConfiguration;
			buildSettings = {
				ASSETCATALOG_COMPILER_APPICON_NAME = AppIcon;
				ASSETCATALOG_COMPILER_GLOBAL_ACCENT_COLOR_NAME = AccentColor;
				CODE_SIGN_STYLE = Automatic;
				CURRENT_PROJECT_VERSION = 1;
				DEVELOPMENT_ASSET_PATHS = "\"Calc+ Final/Preview Content\"";
				DEVELOPMENT_TEAM = ZZK38Q449U;
				ENABLE_PREVIEWS = YES;
				GENERATE_INFOPLIST_FILE = YES;
				INFOPLIST_KEY_UIApplicationSceneManifest_Generation = YES;
				INFOPLIST_KEY_UIApplicationSupportsIndirectInputEvents = YES;
				INFOPLIST_KEY_UILaunchScreen_Generation = YES;
				INFOPLIST_KEY_UISupportedInterfaceOrientations_iPad = "UIInterfaceOrientationPortrait UIInterfaceOrientationPortraitUpsideDown UIInterfaceOrientationLandscapeLeft UIInterfaceOrientationLandscapeRight";
				INFOPLIST_KEY_UISupportedInterfaceOrientations_iPhone = "UIInterfaceOrientationPortrait UIInterfaceOrientationLandscapeLeft UIInterfaceOrientationLandscapeRight";
				LD_RUNPATH_SEARCH_PATHS = (
					"$(inherited)",
					"@executable_path/Frameworks",
				);
				MARKETING_VERSION = 1.0;
				PRODUCT_BUNDLE_IDENTIFIER = "-AlfredoBorroto.Calc--Final";
				PRODUCT_NAME = "$(TARGET_NAME)";
				SWIFT_EMIT_LOC_STRINGS = YES;
				SWIFT_VERSION = 5.0;
				TARGETED_DEVICE_FAMILY = "1,2";
			};
			name = Release;
		};
		89178478290490AB00A78D23 /* Debug */ = {
			isa = XCBuildConfiguration;
			buildSettings = {
				ALWAYS_EMBED_SWIFT_STANDARD_LIBRARIES = YES;
				BUNDLE_LOADER = "$(TEST_HOST)";
				CODE_SIGN_STYLE = Automatic;
				CURRENT_PROJECT_VERSION = 1;
				DEVELOPMENT_TEAM = ZZK38Q449U;
				GENERATE_INFOPLIST_FILE = YES;
				IPHONEOS_DEPLOYMENT_TARGET = 16.0;
				MARKETING_VERSION = 1.0;
				PRODUCT_BUNDLE_IDENTIFIER = "-AlfredoBorroto.Calc--FinalTests";
				PRODUCT_NAME = "$(TARGET_NAME)";
				SWIFT_EMIT_LOC_STRINGS = NO;
				SWIFT_VERSION = 5.0;
				TARGETED_DEVICE_FAMILY = "1,2";
				TEST_HOST = "$(BUILT_PRODUCTS_DIR)/Calc+ Final.app/$(BUNDLE_EXECUTABLE_FOLDER_PATH)/Calc+ Final";
			};
			name = Debug;
		};
		89178479290490AB00A78D23 /* Release */ = {
			isa = XCBuildConfiguration;
			buildSettings = {
				ALWAYS_EMBED_SWIFT_STANDARD_LIBRARIES = YES;
				BUNDLE_LOADER = "$(TEST_HOST)";
				CODE_SIGN_STYLE = Automatic;
				CURRENT_PROJECT_VERSION = 1;
				DEVELOPMENT_TEAM = ZZK38Q449U;
				GENERATE_INFOPLIST_FILE = YES;
				IPHONEOS_DEPLOYMENT_TARGET = 16.0;
				MARKETING_VERSION = 1.0;
				PRODUCT_BUNDLE_IDENTIFIER = "-AlfredoBorroto.Calc--FinalTests";
				PRODUCT_NAME = "$(TARGET_NAME)";
				SWIFT_EMIT_LOC_STRINGS = NO;
				SWIFT_VERSION = 5.0;
				TARGETED_DEVICE_FAMILY = "1,2";
				TEST_HOST = "$(BUILT_PRODUCTS_DIR)/Calc+ Final.app/$(BUNDLE_EXECUTABLE_FOLDER_PATH)/Calc+ Final";
			};
			name = Release;
		};
		8917847B290490AB00A78D23 /* Debug */ = {
			isa = XCBuildConfiguration;
			buildSettings = {
				ALWAYS_EMBED_SWIFT_STANDARD_LIBRARIES = YES;
				CODE_SIGN_STYLE = Automatic;
				CURRENT_PROJECT_VERSION = 1;
				DEVELOPMENT_TEAM = ZZK38Q449U;
				GENERATE_INFOPLIST_FILE = YES;
				MARKETING_VERSION = 1.0;
				PRODUCT_BUNDLE_IDENTIFIER = "-AlfredoBorroto.Calc--FinalUITests";
				PRODUCT_NAME = "$(TARGET_NAME)";
				SWIFT_EMIT_LOC_STRINGS = NO;
				SWIFT_VERSION = 5.0;
				TARGETED_DEVICE_FAMILY = "1,2";
				TEST_TARGET_NAME = "Calc+ Final";
			};
			name = Debug;
		};
		8917847C290490AB00A78D23 /* Release */ = {
			isa = XCBuildConfiguration;
			buildSettings = {
				ALWAYS_EMBED_SWIFT_STANDARD_LIBRARIES = YES;
				CODE_SIGN_STYLE = Automatic;
				CURRENT_PROJECT_VERSION = 1;
				DEVELOPMENT_TEAM = ZZK38Q449U;
				GENERATE_INFOPLIST_FILE = YES;
				MARKETING_VERSION = 1.0;
				PRODUCT_BUNDLE_IDENTIFIER = "-AlfredoBorroto.Calc--FinalUITests";
				PRODUCT_NAME = "$(TARGET_NAME)";
				SWIFT_EMIT_LOC_STRINGS = NO;
				SWIFT_VERSION = 5.0;
				TARGETED_DEVICE_FAMILY = "1,2";
				TEST_TARGET_NAME = "Calc+ Final";
			};
			name = Release;
		};
/* End XCBuildConfiguration section */

/* Begin XCConfigurationList section */
		8917844B290490AA00A78D23 /* Build configuration list for PBXProject "Calc+ Final" */ = {
			isa = XCConfigurationList;
			buildConfigurations = (
				89178472290490AB00A78D23 /* Debug */,
				89178473290490AB00A78D23 /* Release */,
			);
			defaultConfigurationIsVisible = 0;
			defaultConfigurationName = Release;
		};
		89178474290490AB00A78D23 /* Build configuration list for PBXNativeTarget "Calc+ Final" */ = {
			isa = XCConfigurationList;
			buildConfigurations = (
				89178475290490AB00A78D23 /* Debug */,
				89178476290490AB00A78D23 /* Release */,
			);
			defaultConfigurationIsVisible = 0;
			defaultConfigurationName = Release;
		};
		89178477290490AB00A78D23 /* Build configuration list for PBXNativeTarget "Calc+ FinalTests" */ = {
			isa = XCConfigurationList;
			buildConfigurations = (
				89178478290490AB00A78D23 /* Debug */,
				89178479290490AB00A78D23 /* Release */,
			);
			defaultConfigurationIsVisible = 0;
			defaultConfigurationName = Release;
		};
		8917847A290490AB00A78D23 /* Build configuration list for PBXNativeTarget "Calc+ FinalUITests" */ = {
			isa = XCConfigurationList;
			buildConfigurations = (
				8917847B290490AB00A78D23 /* Debug */,
				8917847C290490AB00A78D23 /* Release */,
			);
			defaultConfigurationIsVisible = 0;
			defaultConfigurationName = Release;
		};
/* End XCConfigurationList section */
	};
	rootObject = 89178448290490AA00A78D23 /* Project object */;
}
